// !$*UTF8*$!
{
	archiveVersion = 1;
	classes = {
	};
	objectVersion = 46;
	objects = {

/* Begin PBXBuildFile section */
		8BF0480A1A1F6F5D00E86076 /* AppDelegate.swift in Sources */ = {isa = PBXBuildFile; fileRef = 8BF048091A1F6F5D00E86076 /* AppDelegate.swift */; };
		8BF0480C1A1F6F5D00E86076 /* ViewController.swift in Sources */ = {isa = PBXBuildFile; fileRef = 8BF0480B1A1F6F5D00E86076 /* ViewController.swift */; };
		8BF0480F1A1F6F5D00E86076 /* Main.storyboard in Resources */ = {isa = PBXBuildFile; fileRef = 8BF0480D1A1F6F5D00E86076 /* Main.storyboard */; };
		8BF048111A1F6F5D00E86076 /* Images.xcassets in Resources */ = {isa = PBXBuildFile; fileRef = 8BF048101A1F6F5D00E86076 /* Images.xcassets */; };
		8BF048141A1F6F5D00E86076 /* LaunchScreen.xib in Resources */ = {isa = PBXBuildFile; fileRef = 8BF048121A1F6F5D00E86076 /* LaunchScreen.xib */; };
		8BF048201A1F6F5D00E86076 /* KataYahtzeeTests.swift in Sources */ = {isa = PBXBuildFile; fileRef = 8BF0481F1A1F6F5D00E86076 /* KataYahtzeeTests.swift */; };
		8BF0482A1A1F700100E86076 /* Yahtzee.swift in Sources */ = {isa = PBXBuildFile; fileRef = 8BF048291A1F700100E86076 /* Yahtzee.swift */; };
		8BF0482B1A1F700D00E86076 /* Yahtzee.swift in Sources */ = {isa = PBXBuildFile; fileRef = 8BF048291A1F700100E86076 /* Yahtzee.swift */; };
/* End PBXBuildFile section */

/* Begin PBXContainerItemProxy section */
		8BF0481A1A1F6F5D00E86076 /* PBXContainerItemProxy */ = {
			isa = PBXContainerItemProxy;
			containerPortal = 8BF047FC1A1F6F5D00E86076 /* Project object */;
			proxyType = 1;
			remoteGlobalIDString = 8BF048031A1F6F5D00E86076;
			remoteInfo = KataYahtzee;
		};
/* End PBXContainerItemProxy section */

/* Begin PBXFileReference section */
		8BF048041A1F6F5D00E86076 /* KataYahtzee.app */ = {isa = PBXFileReference; explicitFileType = wrapper.application; includeInIndex = 0; path = KataYahtzee.app; sourceTree = BUILT_PRODUCTS_DIR; };
		8BF048081A1F6F5D00E86076 /* Info.plist */ = {isa = PBXFileReference; lastKnownFileType = text.plist.xml; path = Info.plist; sourceTree = "<group>"; };
		8BF048091A1F6F5D00E86076 /* AppDelegate.swift */ = {isa = PBXFileReference; lastKnownFileType = sourcecode.swift; path = AppDelegate.swift; sourceTree = "<group>"; };
		8BF0480B1A1F6F5D00E86076 /* ViewController.swift */ = {isa = PBXFileReference; lastKnownFileType = sourcecode.swift; path = ViewController.swift; sourceTree = "<group>"; };
		8BF0480E1A1F6F5D00E86076 /* Base */ = {isa = PBXFileReference; lastKnownFileType = file.storyboard; name = Base; path = Base.lproj/Main.storyboard; sourceTree = "<group>"; };
		8BF048101A1F6F5D00E86076 /* Images.xcassets */ = {isa = PBXFileReference; lastKnownFileType = folder.assetcatalog; path = Images.xcassets; sourceTree = "<group>"; };
		8BF048131A1F6F5D00E86076 /* Base */ = {isa = PBXFileReference; lastKnownFileType = file.xib; name = Base; path = Base.lproj/LaunchScreen.xib; sourceTree = "<group>"; };
		8BF048191A1F6F5D00E86076 /* KataYahtzeeTests.xctest */ = {isa = PBXFileReference; explicitFileType = wrapper.cfbundle; includeInIndex = 0; path = KataYahtzeeTests.xctest; sourceTree = BUILT_PRODUCTS_DIR; };
		8BF0481E1A1F6F5D00E86076 /* Info.plist */ = {isa = PBXFileReference; lastKnownFileType = text.plist.xml; path = Info.plist; sourceTree = "<group>"; };
		8BF0481F1A1F6F5D00E86076 /* KataYahtzeeTests.swift */ = {isa = PBXFileReference; lastKnownFileType = sourcecode.swift; path = KataYahtzeeTests.swift; sourceTree = "<group>"; };
		8BF048291A1F700100E86076 /* Yahtzee.swift */ = {isa = PBXFileReference; fileEncoding = 4; lastKnownFileType = sourcecode.swift; path = Yahtzee.swift; sourceTree = "<group>"; };
/* End PBXFileReference section */

/* Begin PBXFrameworksBuildPhase section */
		8BF048011A1F6F5D00E86076 /* Frameworks */ = {
			isa = PBXFrameworksBuildPhase;
			buildActionMask = 2147483647;
			files = (
			);
			runOnlyForDeploymentPostprocessing = 0;
		};
		8BF048161A1F6F5D00E86076 /* Frameworks */ = {
			isa = PBXFrameworksBuildPhase;
			buildActionMask = 2147483647;
			files = (
			);
			runOnlyForDeploymentPostprocessing = 0;
		};
/* End PBXFrameworksBuildPhase section */

/* Begin PBXGroup section */
		8BF047FB1A1F6F5D00E86076 = {
			isa = PBXGroup;
			children = (
				8BF048061A1F6F5D00E86076 /* KataYahtzee */,
				8BF0481C1A1F6F5D00E86076 /* KataYahtzeeTests */,
				8BF048051A1F6F5D00E86076 /* Products */,
			);
			sourceTree = "<group>";
		};
		8BF048051A1F6F5D00E86076 /* Products */ = {
			isa = PBXGroup;
			children = (
				8BF048041A1F6F5D00E86076 /* KataYahtzee.app */,
				8BF048191A1F6F5D00E86076 /* KataYahtzeeTests.xctest */,
			);
			name = Products;
			sourceTree = "<group>";
		};
		8BF048061A1F6F5D00E86076 /* KataYahtzee */ = {
			isa = PBXGroup;
			children = (
				8BF048091A1F6F5D00E86076 /* AppDelegate.swift */,
				8BF0480B1A1F6F5D00E86076 /* ViewController.swift */,
				8BF0480D1A1F6F5D00E86076 /* Main.storyboard */,
				8BF048101A1F6F5D00E86076 /* Images.xcassets */,
				8BF048121A1F6F5D00E86076 /* LaunchScreen.xib */,
				8BF048071A1F6F5D00E86076 /* Supporting Files */,
				8BF048291A1F700100E86076 /* Yahtzee.swift */,
			);
			path = KataYahtzee;
			sourceTree = "<group>";
		};
		8BF048071A1F6F5D00E86076 /* Supporting Files */ = {
			isa = PBXGroup;
			children = (
				8BF048081A1F6F5D00E86076 /* Info.plist */,
			);
			name = "Supporting Files";
			sourceTree = "<group>";
		};
		8BF0481C1A1F6F5D00E86076 /* KataYahtzeeTests */ = {
			isa = PBXGroup;
			children = (
				8BF0481F1A1F6F5D00E86076 /* KataYahtzeeTests.swift */,
				8BF0481D1A1F6F5D00E86076 /* Supporting Files */,
			);
			path = KataYahtzeeTests;
			sourceTree = "<group>";
		};
		8BF0481D1A1F6F5D00E86076 /* Supporting Files */ = {
			isa = PBXGroup;
			children = (
				8BF0481E1A1F6F5D00E86076 /* Info.plist */,
			);
			name = "Supporting Files";
			sourceTree = "<group>";
		};
/* End PBXGroup section */

/* Begin PBXNativeTarget section */
		8BF048031A1F6F5D00E86076 /* KataYahtzee */ = {
			isa = PBXNativeTarget;
			buildConfigurationList = 8BF048231A1F6F5D00E86076 /* Build configuration list for PBXNativeTarget "KataYahtzee" */;
			buildPhases = (
				8BF048001A1F6F5D00E86076 /* Sources */,
				8BF048011A1F6F5D00E86076 /* Frameworks */,
				8BF048021A1F6F5D00E86076 /* Resources */,
			);
			buildRules = (
			);
			dependencies = (
			);
			name = KataYahtzee;
			productName = KataYahtzee;
			productReference = 8BF048041A1F6F5D00E86076 /* KataYahtzee.app */;
			productType = "com.apple.product-type.application";
		};
		8BF048181A1F6F5D00E86076 /* KataYahtzeeTests */ = {
			isa = PBXNativeTarget;
			buildConfigurationList = 8BF048261A1F6F5D00E86076 /* Build configuration list for PBXNativeTarget "KataYahtzeeTests" */;
			buildPhases = (
				8BF048151A1F6F5D00E86076 /* Sources */,
				8BF048161A1F6F5D00E86076 /* Frameworks */,
				8BF048171A1F6F5D00E86076 /* Resources */,
			);
			buildRules = (
			);
			dependencies = (
				8BF0481B1A1F6F5D00E86076 /* PBXTargetDependency */,
			);
			name = KataYahtzeeTests;
			productName = KataYahtzeeTests;
			productReference = 8BF048191A1F6F5D00E86076 /* KataYahtzeeTests.xctest */;
			productType = "com.apple.product-type.bundle.unit-test";
		};
/* End PBXNativeTarget section */

/* Begin PBXProject section */
		8BF047FC1A1F6F5D00E86076 /* Project object */ = {
			isa = PBXProject;
			attributes = {
				LastUpgradeCheck = 0600;
				ORGANIZATIONNAME = Zuehlke;
				TargetAttributes = {
					8BF048031A1F6F5D00E86076 = {
						CreatedOnToolsVersion = 6.0.1;
					};
					8BF048181A1F6F5D00E86076 = {
						CreatedOnToolsVersion = 6.0.1;
						TestTargetID = 8BF048031A1F6F5D00E86076;
					};
				};
			};
			buildConfigurationList = 8BF047FF1A1F6F5D00E86076 /* Build configuration list for PBXProject "KataYahtzee" */;
			compatibilityVersion = "Xcode 3.2";
			developmentRegion = English;
			hasScannedForEncodings = 0;
			knownRegions = (
				en,
				Base,
			);
			mainGroup = 8BF047FB1A1F6F5D00E86076;
			productRefGroup = 8BF048051A1F6F5D00E86076 /* Products */;
			projectDirPath = "";
			projectRoot = "";
			targets = (
				8BF048031A1F6F5D00E86076 /* KataYahtzee */,
				8BF048181A1F6F5D00E86076 /* KataYahtzeeTests */,
			);
		};
/* End PBXProject section */

/* Begin PBXResourcesBuildPhase section */
		8BF048021A1F6F5D00E86076 /* Resources */ = {
			isa = PBXResourcesBuildPhase;
			buildActionMask = 2147483647;
			files = (
				8BF0480F1A1F6F5D00E86076 /* Main.storyboard in Resources */,
				8BF048141A1F6F5D00E86076 /* LaunchScreen.xib in Resources */,
				8BF048111A1F6F5D00E86076 /* Images.xcassets in Resources */,
			);
			runOnlyForDeploymentPostprocessing = 0;
		};
		8BF048171A1F6F5D00E86076 /* Resources */ = {
			isa = PBXResourcesBuildPhase;
			buildActionMask = 2147483647;
			files = (
			);
			runOnlyForDeploymentPostprocessing = 0;
		};
/* End PBXResourcesBuildPhase section */

/* Begin PBXSourcesBuildPhase section */
		8BF048001A1F6F5D00E86076 /* Sources */ = {
			isa = PBXSourcesBuildPhase;
			buildActionMask = 2147483647;
			files = (
				8BF0480C1A1F6F5D00E86076 /* ViewController.swift in Sources */,
				8BF0480A1A1F6F5D00E86076 /* AppDelegate.swift in Sources */,
				8BF0482A1A1F700100E86076 /* Yahtzee.swift in Sources */,
			);
			runOnlyForDeploymentPostprocessing = 0;
		};
		8BF048151A1F6F5D00E86076 /* Sources */ = {
			isa = PBXSourcesBuildPhase;
			buildActionMask = 2147483647;
			files = (
				8BF0482B1A1F700D00E86076 /* Yahtzee.swift in Sources */,
				8BF048201A1F6F5D00E86076 /* KataYahtzeeTests.swift in Sources */,
			);
			runOnlyForDeploymentPostprocessing = 0;
		};
/* End PBXSourcesBuildPhase section */

/* Begin PBXTargetDependency section */
		8BF0481B1A1F6F5D00E86076 /* PBXTargetDependency */ = {
			isa = PBXTargetDependency;
			target = 8BF048031A1F6F5D00E86076 /* KataYahtzee */;
			targetProxy = 8BF0481A1A1F6F5D00E86076 /* PBXContainerItemProxy */;
		};
/* End PBXTargetDependency section */

/* Begin PBXVariantGroup section */
		8BF0480D1A1F6F5D00E86076 /* Main.storyboard */ = {
			isa = PBXVariantGroup;
			children = (
				8BF0480E1A1F6F5D00E86076 /* Base */,
			);
			name = Main.storyboard;
			sourceTree = "<group>";
		};
		8BF048121A1F6F5D00E86076 /* LaunchScreen.xib */ = {
			isa = PBXVariantGroup;
			children = (
				8BF048131A1F6F5D00E86076 /* Base */,
			);
			name = LaunchScreen.xib;
			sourceTree = "<group>";
		};
/* End PBXVariantGroup section */

/* Begin XCBuildConfiguration section */
		8BF048211A1F6F5D00E86076 /* Debug */ = {
			isa = XCBuildConfiguration;
			buildSettings = {
				ALWAYS_SEARCH_USER_PATHS = NO;
				CLANG_CXX_LANGUAGE_STANDARD = "gnu++0x";
				CLANG_CXX_LIBRARY = "libc++";
				CLANG_ENABLE_MODULES = YES;
				CLANG_ENABLE_OBJC_ARC = YES;
				CLANG_WARN_BOOL_CONVERSION = YES;
				CLANG_WARN_CONSTANT_CONVERSION = YES;
				CLANG_WARN_DIRECT_OBJC_ISA_USAGE = YES_ERROR;
				CLANG_WARN_EMPTY_BODY = YES;
				CLANG_WARN_ENUM_CONVERSION = YES;
				CLANG_WARN_INT_CONVERSION = YES;
				CLANG_WARN_OBJC_ROOT_CLASS = YES_ERROR;
				CLANG_WARN_UNREACHABLE_CODE = YES;
				CLANG_WARN__DUPLICATE_METHOD_MATCH = YES;
				"CODE_SIGN_IDENTITY[sdk=iphoneos*]" = "iPhone Developer";
				COPY_PHASE_STRIP = NO;
				ENABLE_STRICT_OBJC_MSGSEND = YES;
				GCC_C_LANGUAGE_STANDARD = gnu99;
				GCC_DYNAMIC_NO_PIC = NO;
				GCC_OPTIMIZATION_LEVEL = 0;
				GCC_PREPROCESSOR_DEFINITIONS = (
					"DEBUG=1",
					"$(inherited)",
				);
				GCC_SYMBOLS_PRIVATE_EXTERN = NO;
				GCC_WARN_64_TO_32_BIT_CONVERSION = YES;
				GCC_WARN_ABOUT_RETURN_TYPE = YES_ERROR;
				GCC_WARN_UNDECLARED_SELECTOR = YES;
				GCC_WARN_UNINITIALIZED_AUTOS = YES_AGGRESSIVE;
				GCC_WARN_UNUSED_FUNCTION = YES;
				GCC_WARN_UNUSED_VARIABLE = YES;
				IPHONEOS_DEPLOYMENT_TARGET = 8.0;
				MTL_ENABLE_DEBUG_INFO = YES;
				ONLY_ACTIVE_ARCH = YES;
				SDKROOT = iphoneos;
				SWIFT_OPTIMIZATION_LEVEL = "-Onone";
				TARGETED_DEVICE_FAMILY = "1,2";
			};
			name = Debug;
		};
		8BF048221A1F6F5D00E86076 /* Release */ = {
			isa = XCBuildConfiguration;
			buildSettings = {
				ALWAYS_SEARCH_USER_PATHS = NO;
				CLANG_CXX_LANGUAGE_STANDARD = "gnu++0x";
				CLANG_CXX_LIBRARY = "libc++";
				CLANG_ENABLE_MODULES = YES;
				CLANG_ENABLE_OBJC_ARC = YES;
				CLANG_WARN_BOOL_CONVERSION = YES;
				CLANG_WARN_CONSTANT_CONVERSION = YES;
				CLANG_WARN_DIRECT_OBJC_ISA_USAGE = YES_ERROR;
				CLANG_WARN_EMPTY_BODY = YES;
				CLANG_WARN_ENUM_CONVERSION = YES;
				CLANG_WARN_INT_CONVERSION = YES;
				CLANG_WARN_OBJC_ROOT_CLASS = YES_ERROR;
				CLANG_WARN_UNREACHABLE_CODE = YES;
				CLANG_WARN__DUPLICATE_METHOD_MATCH = YES;
				"CODE_SIGN_IDENTITY[sdk=iphoneos*]" = "iPhone Developer";
				COPY_PHASE_STRIP = YES;
				ENABLE_NS_ASSERTIONS = NO;
				ENABLE_STRICT_OBJC_MSGSEND = YES;
				GCC_C_LANGUAGE_STANDARD = gnu99;
				GCC_WARN_64_TO_32_BIT_CONVERSION = YES;
				GCC_WARN_ABOUT_RETURN_TYPE = YES_ERROR;
				GCC_WARN_UNDECLARED_SELECTOR = YES;
				GCC_WARN_UNINITIALIZED_AUTOS = YES_AGGRESSIVE;
				GCC_WARN_UNUSED_FUNCTION = YES;
				GCC_WARN_UNUSED_VARIABLE = YES;
				IPHONEOS_DEPLOYMENT_TARGET = 8.0;
				MTL_ENABLE_DEBUG_INFO = NO;
				SDKROOT = iphoneos;
				TARGETED_DEVICE_FAMILY = "1,2";
				VALIDATE_PRODUCT = YES;
			};
			name = Release;
		};
		8BF048241A1F6F5D00E86076 /* Debug */ = {
			isa = XCBuildConfiguration;
			buildSettings = {
				ASSETCATALOG_COMPILER_APPICON_NAME = AppIcon;
				INFOPLIST_FILE = KataYahtzee/Info.plist;
				LD_RUNPATH_SEARCH_PATHS = "$(inherited) @executable_path/Frameworks";
				PRODUCT_NAME = "$(TARGET_NAME)";
			};
			name = Debug;
		};
		8BF048251A1F6F5D00E86076 /* Release */ = {
			isa = XCBuildConfiguration;
			buildSettings = {
				ASSETCATALOG_COMPILER_APPICON_NAME = AppIcon;
				INFOPLIST_FILE = KataYahtzee/Info.plist;
				LD_RUNPATH_SEARCH_PATHS = "$(inherited) @executable_path/Frameworks";
				PRODUCT_NAME = "$(TARGET_NAME)";
			};
			name = Release;
		};
		8BF048271A1F6F5D00E86076 /* Debug */ = {
			isa = XCBuildConfiguration;
			buildSettings = {
				BUNDLE_LOADER = "$(TEST_HOST)";
				FRAMEWORK_SEARCH_PATHS = (
					"$(SDKROOT)/Developer/Library/Frameworks",
					"$(inherited)",
				);
				GCC_PREPROCESSOR_DEFINITIONS = (
					"DEBUG=1",
					"$(inherited)",
				);
				INFOPLIST_FILE = KataYahtzeeTests/Info.plist;
				LD_RUNPATH_SEARCH_PATHS = "$(inherited) @executable_path/Frameworks @loader_path/Frameworks";
				PRODUCT_NAME = "$(TARGET_NAME)";
				TEST_HOST = "$(BUILT_PRODUCTS_DIR)/KataYahtzee.app/KataYahtzee";
			};
			name = Debug;
		};
		8BF048281A1F6F5D00E86076 /* Release */ = {
			isa = XCBuildConfiguration;
			buildSettings = {
				BUNDLE_LOADER = "$(TEST_HOST)";
				FRAMEWORK_SEARCH_PATHS = (
					"$(SDKROOT)/Developer/Library/Frameworks",
					"$(inherited)",
				);
				INFOPLIST_FILE = KataYahtzeeTests/Info.plist;
				LD_RUNPATH_SEARCH_PATHS = "$(inherited) @executable_path/Frameworks @loader_path/Frameworks";
				PRODUCT_NAME = "$(TARGET_NAME)";
				TEST_HOST = "$(BUILT_PRODUCTS_DIR)/KataYahtzee.app/KataYahtzee";
			};
			name = Release;
		};
/* End XCBuildConfiguration section */

/* Begin XCConfigurationList section */
		8BF047FF1A1F6F5D00E86076 /* Build configuration list for PBXProject "KataYahtzee" */ = {
			isa = XCConfigurationList;
			buildConfigurations = (
				8BF048211A1F6F5D00E86076 /* Debug */,
				8BF048221A1F6F5D00E86076 /* Release */,
			);
			defaultConfigurationIsVisible = 0;
			defaultConfigurationName = Release;
		};
		8BF048231A1F6F5D00E86076 /* Build configuration list for PBXNativeTarget "KataYahtzee" */ = {
			isa = XCConfigurationList;
			buildConfigurations = (
				8BF048241A1F6F5D00E86076 /* Debug */,
				8BF048251A1F6F5D00E86076 /* Release */,
			);
			defaultConfigurationIsVisible = 0;
		};
		8BF048261A1F6F5D00E86076 /* Build configuration list for PBXNativeTarget "KataYahtzeeTests" */ = {
			isa = XCConfigurationList;
			buildConfigurations = (
				8BF048271A1F6F5D00E86076 /* Debug */,
				8BF048281A1F6F5D00E86076 /* Release */,
			);
			defaultConfigurationIsVisible = 0;
		};
/* End XCConfigurationList section */
	};
	rootObject = 8BF047FC1A1F6F5D00E86076 /* Project object */;
}
